// !$*UTF8*$!
{
	archiveVersion = 1;
	classes = {
	};
	objectVersion = 50;
	objects = {

/* Begin PBXBuildFile section */
		2E1E20951C762AE512ED1BBA /* libPods-FocusOn.a in Frameworks */ = {isa = PBXBuildFile; fileRef = E72EB65CDA051385C28318C1 /* libPods-FocusOn.a */; };
		610830BF2483B5EF0081AE37 /* Graph.swift in Sources */ = {isa = PBXBuildFile; fileRef = 610830BE2483B5EF0081AE37 /* Graph.swift */; };
		6122813A2398BC9900B11999 /* DetailTableView.swift in Sources */ = {isa = PBXBuildFile; fileRef = 612281392398BC9900B11999 /* DetailTableView.swift */; };
		613E1C172469EED1007429CC /* HistoryExtention.swift in Sources */ = {isa = PBXBuildFile; fileRef = 613E1C162469EED1007429CC /* HistoryExtention.swift */; };
		613E1C192469F5BE007429CC /* TodayExtension.swift in Sources */ = {isa = PBXBuildFile; fileRef = 613E1C182469F5BE007429CC /* TodayExtension.swift */; };
		615245DD247B4057008C32B8 /* UIViewExtension.swift in Sources */ = {isa = PBXBuildFile; fileRef = 615245DC247B4057008C32B8 /* UIViewExtension.swift */; };
		615245DF247B409F008C32B8 /* Enumerations.swift in Sources */ = {isa = PBXBuildFile; fileRef = 615245DE247B409F008C32B8 /* Enumerations.swift */; };
		615A624423982BCE00A99E7A /* TaskCell.swift in Sources */ = {isa = PBXBuildFile; fileRef = 615A624323982BCE00A99E7A /* TaskCell.swift */; };
		615B2402239991DF000545F3 /* TodayVC.swift in Sources */ = {isa = PBXBuildFile; fileRef = 615B2401239991DE000545F3 /* TodayVC.swift */; };
		616851F823B5BA720043F915 /* TaskDataController.swift in Sources */ = {isa = PBXBuildFile; fileRef = 616851F723B5BA720043F915 /* TaskDataController.swift */; };
		6169EFE8240CD82400EF0D4D /* DataController.swift in Sources */ = {isa = PBXBuildFile; fileRef = 6169EFE7240CD82400EF0D4D /* DataController.swift */; };
		61794C9024731C850070142D /* DetailExtension.swift in Sources */ = {isa = PBXBuildFile; fileRef = 61794C8F24731C850070142D /* DetailExtension.swift */; };
		617BECA124850F01006F76AE /* GraphDataSource.swift in Sources */ = {isa = PBXBuildFile; fileRef = 617BECA024850F01006F76AE /* GraphDataSource.swift */; };
		6196A8ED247DCCE100F7D29D /* Animations.swift in Sources */ = {isa = PBXBuildFile; fileRef = 6196A8EC247DCCE100F7D29D /* Animations.swift */; };
		6196A8EF247DDF3000F7D29D /* check.json in Resources */ = {isa = PBXBuildFile; fileRef = 6196A8EE247DDF3000F7D29D /* check.json */; };
		619F55FE23997D6F00F0D0EF /* HistoryVC.swift in Sources */ = {isa = PBXBuildFile; fileRef = 619F55FD23997D6F00F0D0EF /* HistoryVC.swift */; };
		61A8415324CA34DE004E80F2 /* DateManager.swift in Sources */ = {isa = PBXBuildFile; fileRef = 61A8415224CA34DE004E80F2 /* DateManager.swift */; };
		61ABB0A424A3003E0000A9B4 /* completeTask.json in Resources */ = {isa = PBXBuildFile; fileRef = 61ABB0A324A3003E0000A9B4 /* completeTask.json */; };
		61ABB0A624A300480000A9B4 /* uncheckTask.json in Resources */ = {isa = PBXBuildFile; fileRef = 61ABB0A524A300470000A9B4 /* uncheckTask.json */; };
		61BC15F1237B156600341701 /* AppDelegate.swift in Sources */ = {isa = PBXBuildFile; fileRef = 61BC15F0237B156600341701 /* AppDelegate.swift */; };
		61BC15F3237B156600341701 /* SceneDelegate.swift in Sources */ = {isa = PBXBuildFile; fileRef = 61BC15F2237B156600341701 /* SceneDelegate.swift */; };
		61BC15F8237B156600341701 /* Main.storyboard in Resources */ = {isa = PBXBuildFile; fileRef = 61BC15F6237B156600341701 /* Main.storyboard */; };
		61BC15FA237B156900341701 /* Assets.xcassets in Resources */ = {isa = PBXBuildFile; fileRef = 61BC15F9237B156900341701 /* Assets.xcassets */; };
		61BC15FD237B156900341701 /* LaunchScreen.storyboard in Resources */ = {isa = PBXBuildFile; fileRef = 61BC15FB237B156900341701 /* LaunchScreen.storyboard */; };
		61BC160C237B182700341701 /* ProgressVC.swift in Sources */ = {isa = PBXBuildFile; fileRef = 61BC160B237B182700341701 /* ProgressVC.swift */; };
		61D414D32489BABA001E32BE /* FocusOnTests.swift in Sources */ = {isa = PBXBuildFile; fileRef = 61D414D22489BABA001E32BE /* FocusOnTests.swift */; };
		61D5C1542463279400A80874 /* NotificationControl.swift in Sources */ = {isa = PBXBuildFile; fileRef = 61D5C1532463279400A80874 /* NotificationControl.swift */; };
		61DEB6BE240D79AF0062F059 /* HistoryCell.swift in Sources */ = {isa = PBXBuildFile; fileRef = 61DEB6BD240D79AF0062F059 /* HistoryCell.swift */; };
		61E27447247D613A0014A634 /* confetti.json in Resources */ = {isa = PBXBuildFile; fileRef = 61E27445247D61390014A634 /* confetti.json */; };
		61EEF1AD23B3B581001CD295 /* GoalDataController.swift in Sources */ = {isa = PBXBuildFile; fileRef = 61EEF1AC23B3B581001CD295 /* GoalDataController.swift */; };
		61EEF1B023B3B7C7001CD295 /* FocusOnDataModel.xcdatamodeld in Sources */ = {isa = PBXBuildFile; fileRef = 61EEF1AE23B3B7C7001CD295 /* FocusOnDataModel.xcdatamodeld */; };
		61F084A4240F4D5700A3559E /* TaskData+CoreDataClass.swift in Sources */ = {isa = PBXBuildFile; fileRef = 61F084A2240F4D5700A3559E /* TaskData+CoreDataClass.swift */; };
		61F084A5240F4D5700A3559E /* TaskData+CoreDataProperties.swift in Sources */ = {isa = PBXBuildFile; fileRef = 61F084A3240F4D5700A3559E /* TaskData+CoreDataProperties.swift */; };
		61F38B8223F3359000E7F4A2 /* GoalData+CoreDataClass.swift in Sources */ = {isa = PBXBuildFile; fileRef = 61F38B7E23F3359000E7F4A2 /* GoalData+CoreDataClass.swift */; };
		61F38B8323F3359000E7F4A2 /* GoalData+CoreDataProperties.swift in Sources */ = {isa = PBXBuildFile; fileRef = 61F38B7F23F3359000E7F4A2 /* GoalData+CoreDataProperties.swift */; };
		61F84FA4239F3BC70067913F /* KeyboardManagment.swift in Sources */ = {isa = PBXBuildFile; fileRef = 61F84FA3239F3BC70067913F /* KeyboardManagment.swift */; };
/* End PBXBuildFile section */

/* Begin PBXContainerItemProxy section */
		61D414D52489BABA001E32BE /* PBXContainerItemProxy */ = {
			isa = PBXContainerItemProxy;
			containerPortal = 61BC15E5237B156600341701 /* Project object */;
			proxyType = 1;
			remoteGlobalIDString = 61BC15EC237B156600341701;
			remoteInfo = FocusOn;
		};
/* End PBXContainerItemProxy section */

/* Begin PBXFileReference section */
		265935A6D7B8ACC31AAC9259 /* Pods-FocusOn.release.xcconfig */ = {isa = PBXFileReference; includeInIndex = 1; lastKnownFileType = text.xcconfig; name = "Pods-FocusOn.release.xcconfig"; path = "Target Support Files/Pods-FocusOn/Pods-FocusOn.release.xcconfig"; sourceTree = "<group>"; };
		610830BE2483B5EF0081AE37 /* Graph.swift */ = {isa = PBXFileReference; lastKnownFileType = sourcecode.swift; path = Graph.swift; sourceTree = "<group>"; };
		612281392398BC9900B11999 /* DetailTableView.swift */ = {isa = PBXFileReference; lastKnownFileType = sourcecode.swift; path = DetailTableView.swift; sourceTree = "<group>"; };
		613E1C162469EED1007429CC /* HistoryExtention.swift */ = {isa = PBXFileReference; lastKnownFileType = sourcecode.swift; path = HistoryExtention.swift; sourceTree = "<group>"; };
		613E1C182469F5BE007429CC /* TodayExtension.swift */ = {isa = PBXFileReference; lastKnownFileType = sourcecode.swift; path = TodayExtension.swift; sourceTree = "<group>"; };
		615245DC247B4057008C32B8 /* UIViewExtension.swift */ = {isa = PBXFileReference; lastKnownFileType = sourcecode.swift; path = UIViewExtension.swift; sourceTree = "<group>"; };
		615245DE247B409F008C32B8 /* Enumerations.swift */ = {isa = PBXFileReference; lastKnownFileType = sourcecode.swift; path = Enumerations.swift; sourceTree = "<group>"; };
		615A624323982BCE00A99E7A /* TaskCell.swift */ = {isa = PBXFileReference; lastKnownFileType = sourcecode.swift; path = TaskCell.swift; sourceTree = "<group>"; };
		615B2401239991DE000545F3 /* TodayVC.swift */ = {isa = PBXFileReference; lastKnownFileType = sourcecode.swift; path = TodayVC.swift; sourceTree = "<group>"; };
		616851F723B5BA720043F915 /* TaskDataController.swift */ = {isa = PBXFileReference; lastKnownFileType = sourcecode.swift; path = TaskDataController.swift; sourceTree = "<group>"; };
		6169EFE7240CD82400EF0D4D /* DataController.swift */ = {isa = PBXFileReference; lastKnownFileType = sourcecode.swift; path = DataController.swift; sourceTree = "<group>"; };
		61794C8F24731C850070142D /* DetailExtension.swift */ = {isa = PBXFileReference; lastKnownFileType = sourcecode.swift; path = DetailExtension.swift; sourceTree = "<group>"; };
		617BECA024850F01006F76AE /* GraphDataSource.swift */ = {isa = PBXFileReference; lastKnownFileType = sourcecode.swift; path = GraphDataSource.swift; sourceTree = "<group>"; };
		6196A8EC247DCCE100F7D29D /* Animations.swift */ = {isa = PBXFileReference; lastKnownFileType = sourcecode.swift; path = Animations.swift; sourceTree = "<group>"; };
		6196A8EE247DDF3000F7D29D /* check.json */ = {isa = PBXFileReference; fileEncoding = 4; lastKnownFileType = text.json; path = check.json; sourceTree = "<group>"; };
		619F55FD23997D6F00F0D0EF /* HistoryVC.swift */ = {isa = PBXFileReference; lastKnownFileType = sourcecode.swift; path = HistoryVC.swift; sourceTree = "<group>"; };
		61A8415224CA34DE004E80F2 /* DateManager.swift */ = {isa = PBXFileReference; lastKnownFileType = sourcecode.swift; path = DateManager.swift; sourceTree = "<group>"; };
		61ABB0A324A3003E0000A9B4 /* completeTask.json */ = {isa = PBXFileReference; fileEncoding = 4; lastKnownFileType = text.json; path = completeTask.json; sourceTree = "<group>"; };
		61ABB0A524A300470000A9B4 /* uncheckTask.json */ = {isa = PBXFileReference; fileEncoding = 4; lastKnownFileType = text.json; path = uncheckTask.json; sourceTree = "<group>"; };
		61BC15ED237B156600341701 /* FocusOn.app */ = {isa = PBXFileReference; explicitFileType = wrapper.application; includeInIndex = 0; path = FocusOn.app; sourceTree = BUILT_PRODUCTS_DIR; };
		61BC15F0237B156600341701 /* AppDelegate.swift */ = {isa = PBXFileReference; lastKnownFileType = sourcecode.swift; path = AppDelegate.swift; sourceTree = "<group>"; };
		61BC15F2237B156600341701 /* SceneDelegate.swift */ = {isa = PBXFileReference; lastKnownFileType = sourcecode.swift; path = SceneDelegate.swift; sourceTree = "<group>"; };
		61BC15F7237B156600341701 /* Base */ = {isa = PBXFileReference; lastKnownFileType = file.storyboard; name = Base; path = Base.lproj/Main.storyboard; sourceTree = "<group>"; };
		61BC15F9237B156900341701 /* Assets.xcassets */ = {isa = PBXFileReference; lastKnownFileType = folder.assetcatalog; path = Assets.xcassets; sourceTree = "<group>"; };
		61BC15FC237B156900341701 /* Base */ = {isa = PBXFileReference; lastKnownFileType = file.storyboard; name = Base; path = Base.lproj/LaunchScreen.storyboard; sourceTree = "<group>"; };
		61BC15FE237B156900341701 /* Info.plist */ = {isa = PBXFileReference; lastKnownFileType = text.plist.xml; path = Info.plist; sourceTree = "<group>"; };
		61BC160B237B182700341701 /* ProgressVC.swift */ = {isa = PBXFileReference; lastKnownFileType = sourcecode.swift; path = ProgressVC.swift; sourceTree = "<group>"; };
		61D414D02489BABA001E32BE /* FocusOnTests.xctest */ = {isa = PBXFileReference; explicitFileType = wrapper.cfbundle; includeInIndex = 0; path = FocusOnTests.xctest; sourceTree = BUILT_PRODUCTS_DIR; };
		61D414D22489BABA001E32BE /* FocusOnTests.swift */ = {isa = PBXFileReference; lastKnownFileType = sourcecode.swift; path = FocusOnTests.swift; sourceTree = "<group>"; };
		61D414D42489BABA001E32BE /* Info.plist */ = {isa = PBXFileReference; lastKnownFileType = text.plist.xml; path = Info.plist; sourceTree = "<group>"; };
		61D5C1532463279400A80874 /* NotificationControl.swift */ = {isa = PBXFileReference; lastKnownFileType = sourcecode.swift; path = NotificationControl.swift; sourceTree = "<group>"; };
		61DEB6BD240D79AF0062F059 /* HistoryCell.swift */ = {isa = PBXFileReference; lastKnownFileType = sourcecode.swift; path = HistoryCell.swift; sourceTree = "<group>"; };
		61E27445247D61390014A634 /* confetti.json */ = {isa = PBXFileReference; fileEncoding = 4; lastKnownFileType = text.json; path = confetti.json; sourceTree = "<group>"; };
		61EEF1AC23B3B581001CD295 /* GoalDataController.swift */ = {isa = PBXFileReference; lastKnownFileType = sourcecode.swift; path = GoalDataController.swift; sourceTree = "<group>"; };
		61EEF1AF23B3B7C7001CD295 /* FocusOnDataModel.xcdatamodel */ = {isa = PBXFileReference; lastKnownFileType = wrapper.xcdatamodel; path = FocusOnDataModel.xcdatamodel; sourceTree = "<group>"; };
		61F084A2240F4D5700A3559E /* TaskData+CoreDataClass.swift */ = {isa = PBXFileReference; lastKnownFileType = sourcecode.swift; path = "TaskData+CoreDataClass.swift"; sourceTree = "<group>"; };
		61F084A3240F4D5700A3559E /* TaskData+CoreDataProperties.swift */ = {isa = PBXFileReference; lastKnownFileType = sourcecode.swift; path = "TaskData+CoreDataProperties.swift"; sourceTree = "<group>"; };
		61F38B7E23F3359000E7F4A2 /* GoalData+CoreDataClass.swift */ = {isa = PBXFileReference; lastKnownFileType = sourcecode.swift; name = "GoalData+CoreDataClass.swift"; path = "FocusOn/GoalData+CoreDataClass.swift"; sourceTree = "<group>"; };
		61F38B7F23F3359000E7F4A2 /* GoalData+CoreDataProperties.swift */ = {isa = PBXFileReference; lastKnownFileType = sourcecode.swift; name = "GoalData+CoreDataProperties.swift"; path = "FocusOn/GoalData+CoreDataProperties.swift"; sourceTree = "<group>"; };
		61F84FA3239F3BC70067913F /* KeyboardManagment.swift */ = {isa = PBXFileReference; lastKnownFileType = sourcecode.swift; path = KeyboardManagment.swift; sourceTree = "<group>"; };
		CE712AA9DD080A1CE819721E /* Pods-FocusOn.debug.xcconfig */ = {isa = PBXFileReference; includeInIndex = 1; lastKnownFileType = text.xcconfig; name = "Pods-FocusOn.debug.xcconfig"; path = "Target Support Files/Pods-FocusOn/Pods-FocusOn.debug.xcconfig"; sourceTree = "<group>"; };
		E72EB65CDA051385C28318C1 /* libPods-FocusOn.a */ = {isa = PBXFileReference; explicitFileType = archive.ar; includeInIndex = 0; path = "libPods-FocusOn.a"; sourceTree = BUILT_PRODUCTS_DIR; };
/* End PBXFileReference section */

/* Begin PBXFrameworksBuildPhase section */
		61BC15EA237B156600341701 /* Frameworks */ = {
			isa = PBXFrameworksBuildPhase;
			buildActionMask = 2147483647;
			files = (
				2E1E20951C762AE512ED1BBA /* libPods-FocusOn.a in Frameworks */,
			);
			runOnlyForDeploymentPostprocessing = 0;
		};
		61D414CD2489BABA001E32BE /* Frameworks */ = {
			isa = PBXFrameworksBuildPhase;
			buildActionMask = 2147483647;
			files = (
			);
			runOnlyForDeploymentPostprocessing = 0;
		};
/* End PBXFrameworksBuildPhase section */

/* Begin PBXGroup section */
		2249C577139F357456AAB946 /* Pods */ = {
			isa = PBXGroup;
			children = (
				CE712AA9DD080A1CE819721E /* Pods-FocusOn.debug.xcconfig */,
				265935A6D7B8ACC31AAC9259 /* Pods-FocusOn.release.xcconfig */,
			);
			path = Pods;
			sourceTree = "<group>";
		};
		610830BD2483B5AB0081AE37 /* Graph */ = {
			isa = PBXGroup;
			children = (
				610830BE2483B5EF0081AE37 /* Graph.swift */,
				617BECA024850F01006F76AE /* GraphDataSource.swift */,
			);
			name = Graph;
			sourceTree = "<group>";
		};
		61179AA2237B415C0044B8BA /* ViewControllers */ = {
			isa = PBXGroup;
			children = (
				615A624323982BCE00A99E7A /* TaskCell.swift */,
				61DEB6BD240D79AF0062F059 /* HistoryCell.swift */,
				615B2401239991DE000545F3 /* TodayVC.swift */,
				619F55FD23997D6F00F0D0EF /* HistoryVC.swift */,
				612281392398BC9900B11999 /* DetailTableView.swift */,
				61BC160B237B182700341701 /* ProgressVC.swift */,
			);
			path = ViewControllers;
			sourceTree = "<group>";
		};
		6196A8EB247DCC5E00F7D29D /* Animations */ = {
			isa = PBXGroup;
			children = (
				6196A8EC247DCCE100F7D29D /* Animations.swift */,
			);
			name = Animations;
			sourceTree = "<group>";
		};
		61A8415124CA31A9004E80F2 /* Extentions */ = {
			isa = PBXGroup;
			children = (
				613E1C182469F5BE007429CC /* TodayExtension.swift */,
				613E1C162469EED1007429CC /* HistoryExtention.swift */,
				61794C8F24731C850070142D /* DetailExtension.swift */,
				615245DC247B4057008C32B8 /* UIViewExtension.swift */,
				61F84FA3239F3BC70067913F /* KeyboardManagment.swift */,
				61D5C1532463279400A80874 /* NotificationControl.swift */,
			);
			name = Extentions;
			sourceTree = "<group>";
		};
		61BC15E4237B156600341701 = {
			isa = PBXGroup;
			children = (
				61F084A2240F4D5700A3559E /* TaskData+CoreDataClass.swift */,
				61F084A3240F4D5700A3559E /* TaskData+CoreDataProperties.swift */,
				61F38B7E23F3359000E7F4A2 /* GoalData+CoreDataClass.swift */,
				61F38B7F23F3359000E7F4A2 /* GoalData+CoreDataProperties.swift */,
				61BC15EF237B156600341701 /* FocusOn */,
				61D414D12489BABA001E32BE /* FocusOnTests */,
				61BC15EE237B156600341701 /* Products */,
				2249C577139F357456AAB946 /* Pods */,
				C529C6FA0FA50E23DA2B7BD4 /* Frameworks */,
			);
			sourceTree = "<group>";
		};
		61BC15EE237B156600341701 /* Products */ = {
			isa = PBXGroup;
			children = (
				61BC15ED237B156600341701 /* FocusOn.app */,
				61D414D02489BABA001E32BE /* FocusOnTests.xctest */,
			);
			name = Products;
			sourceTree = "<group>";
		};
		61BC15EF237B156600341701 /* FocusOn */ = {
			isa = PBXGroup;
			children = (
				61BC15F0237B156600341701 /* AppDelegate.swift */,
				61BC15F2237B156600341701 /* SceneDelegate.swift */,
				61179AA2237B415C0044B8BA /* ViewControllers */,
				61BC1608237B169800341701 /* Model */,
				61E27444247CE5290014A634 /* Assets */,
				61BC15F6237B156600341701 /* Main.storyboard */,
				61BC15FB237B156900341701 /* LaunchScreen.storyboard */,
				61BC15FE237B156900341701 /* Info.plist */,
			);
			path = FocusOn;
			sourceTree = "<group>";
		};
		61BC1608237B169800341701 /* Model */ = {
			isa = PBXGroup;
			children = (
				61A8415124CA31A9004E80F2 /* Extentions */,
				610830BD2483B5AB0081AE37 /* Graph */,
				6196A8EB247DCC5E00F7D29D /* Animations */,
				6169EFE7240CD82400EF0D4D /* DataController.swift */,
				61A8415224CA34DE004E80F2 /* DateManager.swift */,
				61EEF1AC23B3B581001CD295 /* GoalDataController.swift */,
				616851F723B5BA720043F915 /* TaskDataController.swift */,
				615245DE247B409F008C32B8 /* Enumerations.swift */,
				61EEF1AE23B3B7C7001CD295 /* FocusOnDataModel.xcdatamodeld */,
			);
			name = Model;
			sourceTree = "<group>";
		};
		61D414D12489BABA001E32BE /* FocusOnTests */ = {
			isa = PBXGroup;
			children = (
				61D414D22489BABA001E32BE /* FocusOnTests.swift */,
				61D414D42489BABA001E32BE /* Info.plist */,
			);
			path = FocusOnTests;
			sourceTree = "<group>";
		};
		61E27444247CE5290014A634 /* Assets */ = {
			isa = PBXGroup;
			children = (
				6196A8EE247DDF3000F7D29D /* check.json */,
				61ABB0A324A3003E0000A9B4 /* completeTask.json */,
				61ABB0A524A300470000A9B4 /* uncheckTask.json */,
				61E27445247D61390014A634 /* confetti.json */,
				61BC15F9237B156900341701 /* Assets.xcassets */,
			);
			name = Assets;
			sourceTree = "<group>";
		};
		C529C6FA0FA50E23DA2B7BD4 /* Frameworks */ = {
			isa = PBXGroup;
			children = (
				E72EB65CDA051385C28318C1 /* libPods-FocusOn.a */,
			);
			name = Frameworks;
			sourceTree = "<group>";
		};
/* End PBXGroup section */

/* Begin PBXNativeTarget section */
		61BC15EC237B156600341701 /* FocusOn */ = {
			isa = PBXNativeTarget;
			buildConfigurationList = 61BC1601237B156900341701 /* Build configuration list for PBXNativeTarget "FocusOn" */;
			buildPhases = (
				DEAE1FC30AD1C0D068CCB4B9 /* [CP] Check Pods Manifest.lock */,
				61BC15E9237B156600341701 /* Sources */,
				61BC15EA237B156600341701 /* Frameworks */,
				61BC15EB237B156600341701 /* Resources */,
			);
			buildRules = (
			);
			dependencies = (
			);
			name = FocusOn;
			productName = FocusOn;
			productReference = 61BC15ED237B156600341701 /* FocusOn.app */;
			productType = "com.apple.product-type.application";
		};
		61D414CF2489BABA001E32BE /* FocusOnTests */ = {
			isa = PBXNativeTarget;
			buildConfigurationList = 61D414D92489BABA001E32BE /* Build configuration list for PBXNativeTarget "FocusOnTests" */;
			buildPhases = (
				61D414CC2489BABA001E32BE /* Sources */,
				61D414CD2489BABA001E32BE /* Frameworks */,
				61D414CE2489BABA001E32BE /* Resources */,
			);
			buildRules = (
			);
			dependencies = (
				61D414D62489BABA001E32BE /* PBXTargetDependency */,
			);
			name = FocusOnTests;
			productName = FocusOnTests;
			productReference = 61D414D02489BABA001E32BE /* FocusOnTests.xctest */;
			productType = "com.apple.product-type.bundle.unit-test";
		};
/* End PBXNativeTarget section */

/* Begin PBXProject section */
		61BC15E5237B156600341701 /* Project object */ = {
			isa = PBXProject;
			attributes = {
				LastSwiftUpdateCheck = 1130;
				LastUpgradeCheck = 1120;
				ORGANIZATIONNAME = "Matthew Sousa";
				TargetAttributes = {
					61BC15EC237B156600341701 = {
						CreatedOnToolsVersion = 11.2;
					};
					61D414CF2489BABA001E32BE = {
						CreatedOnToolsVersion = 11.3.1;
						TestTargetID = 61BC15EC237B156600341701;
					};
				};
			};
			buildConfigurationList = 61BC15E8237B156600341701 /* Build configuration list for PBXProject "FocusOn" */;
			compatibilityVersion = "Xcode 9.3";
			developmentRegion = en;
			hasScannedForEncodings = 0;
			knownRegions = (
				en,
				Base,
			);
			mainGroup = 61BC15E4237B156600341701;
			productRefGroup = 61BC15EE237B156600341701 /* Products */;
			projectDirPath = "";
			projectRoot = "";
			targets = (
				61BC15EC237B156600341701 /* FocusOn */,
				61D414CF2489BABA001E32BE /* FocusOnTests */,
			);
		};
/* End PBXProject section */

/* Begin PBXResourcesBuildPhase section */
		61BC15EB237B156600341701 /* Resources */ = {
			isa = PBXResourcesBuildPhase;
			buildActionMask = 2147483647;
			files = (
				6196A8EF247DDF3000F7D29D /* check.json in Resources */,
				61BC15FD237B156900341701 /* LaunchScreen.storyboard in Resources */,
				61E27447247D613A0014A634 /* confetti.json in Resources */,
				61ABB0A424A3003E0000A9B4 /* completeTask.json in Resources */,
				61ABB0A624A300480000A9B4 /* uncheckTask.json in Resources */,
				61BC15FA237B156900341701 /* Assets.xcassets in Resources */,
				61BC15F8237B156600341701 /* Main.storyboard in Resources */,
			);
			runOnlyForDeploymentPostprocessing = 0;
		};
		61D414CE2489BABA001E32BE /* Resources */ = {
			isa = PBXResourcesBuildPhase;
			buildActionMask = 2147483647;
			files = (
			);
			runOnlyForDeploymentPostprocessing = 0;
		};
/* End PBXResourcesBuildPhase section */

/* Begin PBXShellScriptBuildPhase section */
		DEAE1FC30AD1C0D068CCB4B9 /* [CP] Check Pods Manifest.lock */ = {
			isa = PBXShellScriptBuildPhase;
			buildActionMask = 2147483647;
			files = (
			);
			inputFileListPaths = (
			);
			inputPaths = (
				"${PODS_PODFILE_DIR_PATH}/Podfile.lock",
				"${PODS_ROOT}/Manifest.lock",
			);
			name = "[CP] Check Pods Manifest.lock";
			outputFileListPaths = (
			);
			outputPaths = (
				"$(DERIVED_FILE_DIR)/Pods-FocusOn-checkManifestLockResult.txt",
			);
			runOnlyForDeploymentPostprocessing = 0;
			shellPath = /bin/sh;
			shellScript = "diff \"${PODS_PODFILE_DIR_PATH}/Podfile.lock\" \"${PODS_ROOT}/Manifest.lock\" > /dev/null\nif [ $? != 0 ] ; then\n    # print error to STDERR\n    echo \"error: The sandbox is not in sync with the Podfile.lock. Run 'pod install' or update your CocoaPods installation.\" >&2\n    exit 1\nfi\n# This output is used by Xcode 'outputs' to avoid re-running this script phase.\necho \"SUCCESS\" > \"${SCRIPT_OUTPUT_FILE_0}\"\n";
			showEnvVarsInLog = 0;
		};
/* End PBXShellScriptBuildPhase section */

/* Begin PBXSourcesBuildPhase section */
		61BC15E9237B156600341701 /* Sources */ = {
			isa = PBXSourcesBuildPhase;
			buildActionMask = 2147483647;
			files = (
				61D5C1542463279400A80874 /* NotificationControl.swift in Sources */,
				61F38B8223F3359000E7F4A2 /* GoalData+CoreDataClass.swift in Sources */,
				61EEF1AD23B3B581001CD295 /* GoalDataController.swift in Sources */,
				616851F823B5BA720043F915 /* TaskDataController.swift in Sources */,
				617BECA124850F01006F76AE /* GraphDataSource.swift in Sources */,
				61BC15F1237B156600341701 /* AppDelegate.swift in Sources */,
				610830BF2483B5EF0081AE37 /* Graph.swift in Sources */,
				61A8415324CA34DE004E80F2 /* DateManager.swift in Sources */,
				615245DD247B4057008C32B8 /* UIViewExtension.swift in Sources */,
				6122813A2398BC9900B11999 /* DetailTableView.swift in Sources */,
				615A624423982BCE00A99E7A /* TaskCell.swift in Sources */,
				61794C9024731C850070142D /* DetailExtension.swift in Sources */,
				61EEF1B023B3B7C7001CD295 /* FocusOnDataModel.xcdatamodeld in Sources */,
				61DEB6BE240D79AF0062F059 /* HistoryCell.swift in Sources */,
				615245DF247B409F008C32B8 /* Enumerations.swift in Sources */,
				613E1C192469F5BE007429CC /* TodayExtension.swift in Sources */,
				61F084A4240F4D5700A3559E /* TaskData+CoreDataClass.swift in Sources */,
				61F84FA4239F3BC70067913F /* KeyboardManagment.swift in Sources */,
				61F38B8323F3359000E7F4A2 /* GoalData+CoreDataProperties.swift in Sources */,
				6169EFE8240CD82400EF0D4D /* DataController.swift in Sources */,
				615B2402239991DF000545F3 /* TodayVC.swift in Sources */,
				6196A8ED247DCCE100F7D29D /* Animations.swift in Sources */,
				61BC160C237B182700341701 /* ProgressVC.swift in Sources */,
				613E1C172469EED1007429CC /* HistoryExtention.swift in Sources */,
				619F55FE23997D6F00F0D0EF /* HistoryVC.swift in Sources */,
				61F084A5240F4D5700A3559E /* TaskData+CoreDataProperties.swift in Sources */,
				61BC15F3237B156600341701 /* SceneDelegate.swift in Sources */,
			);
			runOnlyForDeploymentPostprocessing = 0;
		};
		61D414CC2489BABA001E32BE /* Sources */ = {
			isa = PBXSourcesBuildPhase;
			buildActionMask = 2147483647;
			files = (
				61D414D32489BABA001E32BE /* FocusOnTests.swift in Sources */,
			);
			runOnlyForDeploymentPostprocessing = 0;
		};
/* End PBXSourcesBuildPhase section */

/* Begin PBXTargetDependency section */
		61D414D62489BABA001E32BE /* PBXTargetDependency */ = {
			isa = PBXTargetDependency;
			target = 61BC15EC237B156600341701 /* FocusOn */;
			targetProxy = 61D414D52489BABA001E32BE /* PBXContainerItemProxy */;
		};
/* End PBXTargetDependency section */

/* Begin PBXVariantGroup section */
		61BC15F6237B156600341701 /* Main.storyboard */ = {
			isa = PBXVariantGroup;
			children = (
				61BC15F7237B156600341701 /* Base */,
			);
			name = Main.storyboard;
			sourceTree = "<group>";
		};
		61BC15FB237B156900341701 /* LaunchScreen.storyboard */ = {
			isa = PBXVariantGroup;
			children = (
				61BC15FC237B156900341701 /* Base */,
			);
			name = LaunchScreen.storyboard;
			sourceTree = "<group>";
		};
/* End PBXVariantGroup section */

/* Begin XCBuildConfiguration section */
		61BC15FF237B156900341701 /* Debug */ = {
			isa = XCBuildConfiguration;
			buildSettings = {
				ALWAYS_SEARCH_USER_PATHS = NO;
				CLANG_ANALYZER_NONNULL = YES;
				CLANG_ANALYZER_NUMBER_OBJECT_CONVERSION = YES_AGGRESSIVE;
				CLANG_CXX_LANGUAGE_STANDARD = "gnu++14";
				CLANG_CXX_LIBRARY = "libc++";
				CLANG_ENABLE_MODULES = YES;
				CLANG_ENABLE_OBJC_ARC = YES;
				CLANG_ENABLE_OBJC_WEAK = YES;
				CLANG_WARN_BLOCK_CAPTURE_AUTORELEASING = YES;
				CLANG_WARN_BOOL_CONVERSION = YES;
				CLANG_WARN_COMMA = YES;
				CLANG_WARN_CONSTANT_CONVERSION = YES;
				CLANG_WARN_DEPRECATED_OBJC_IMPLEMENTATIONS = YES;
				CLANG_WARN_DIRECT_OBJC_ISA_USAGE = YES_ERROR;
				CLANG_WARN_DOCUMENTATION_COMMENTS = YES;
				CLANG_WARN_EMPTY_BODY = YES;
				CLANG_WARN_ENUM_CONVERSION = YES;
				CLANG_WARN_INFINITE_RECURSION = YES;
				CLANG_WARN_INT_CONVERSION = YES;
				CLANG_WARN_NON_LITERAL_NULL_CONVERSION = YES;
				CLANG_WARN_OBJC_IMPLICIT_RETAIN_SELF = YES;
				CLANG_WARN_OBJC_LITERAL_CONVERSION = YES;
				CLANG_WARN_OBJC_ROOT_CLASS = YES_ERROR;
				CLANG_WARN_RANGE_LOOP_ANALYSIS = YES;
				CLANG_WARN_STRICT_PROTOTYPES = YES;
				CLANG_WARN_SUSPICIOUS_MOVE = YES;
				CLANG_WARN_UNGUARDED_AVAILABILITY = YES_AGGRESSIVE;
				CLANG_WARN_UNREACHABLE_CODE = YES;
				CLANG_WARN__DUPLICATE_METHOD_MATCH = YES;
				COPY_PHASE_STRIP = NO;
				DEBUG_INFORMATION_FORMAT = dwarf;
				ENABLE_STRICT_OBJC_MSGSEND = YES;
				ENABLE_TESTABILITY = YES;
				GCC_C_LANGUAGE_STANDARD = gnu11;
				GCC_DYNAMIC_NO_PIC = NO;
				GCC_NO_COMMON_BLOCKS = YES;
				GCC_OPTIMIZATION_LEVEL = 0;
				GCC_PREPROCESSOR_DEFINITIONS = (
					"DEBUG=1",
					"$(inherited)",
				);
				GCC_WARN_64_TO_32_BIT_CONVERSION = YES;
				GCC_WARN_ABOUT_RETURN_TYPE = YES_ERROR;
				GCC_WARN_UNDECLARED_SELECTOR = YES;
				GCC_WARN_UNINITIALIZED_AUTOS = YES_AGGRESSIVE;
				GCC_WARN_UNUSED_FUNCTION = YES;
				GCC_WARN_UNUSED_VARIABLE = YES;
				IPHONEOS_DEPLOYMENT_TARGET = 13.2;
				MTL_ENABLE_DEBUG_INFO = INCLUDE_SOURCE;
				MTL_FAST_MATH = YES;
				ONLY_ACTIVE_ARCH = YES;
				SDKROOT = iphoneos;
				SWIFT_ACTIVE_COMPILATION_CONDITIONS = DEBUG;
				SWIFT_OPTIMIZATION_LEVEL = "-Onone";
			};
			name = Debug;
		};
		61BC1600237B156900341701 /* Release */ = {
			isa = XCBuildConfiguration;
			buildSettings = {
				ALWAYS_SEARCH_USER_PATHS = NO;
				CLANG_ANALYZER_NONNULL = YES;
				CLANG_ANALYZER_NUMBER_OBJECT_CONVERSION = YES_AGGRESSIVE;
				CLANG_CXX_LANGUAGE_STANDARD = "gnu++14";
				CLANG_CXX_LIBRARY = "libc++";
				CLANG_ENABLE_MODULES = YES;
				CLANG_ENABLE_OBJC_ARC = YES;
				CLANG_ENABLE_OBJC_WEAK = YES;
				CLANG_WARN_BLOCK_CAPTURE_AUTORELEASING = YES;
				CLANG_WARN_BOOL_CONVERSION = YES;
				CLANG_WARN_COMMA = YES;
				CLANG_WARN_CONSTANT_CONVERSION = YES;
				CLANG_WARN_DEPRECATED_OBJC_IMPLEMENTATIONS = YES;
				CLANG_WARN_DIRECT_OBJC_ISA_USAGE = YES_ERROR;
				CLANG_WARN_DOCUMENTATION_COMMENTS = YES;
				CLANG_WARN_EMPTY_BODY = YES;
				CLANG_WARN_ENUM_CONVERSION = YES;
				CLANG_WARN_INFINITE_RECURSION = YES;
				CLANG_WARN_INT_CONVERSION = YES;
				CLANG_WARN_NON_LITERAL_NULL_CONVERSION = YES;
				CLANG_WARN_OBJC_IMPLICIT_RETAIN_SELF = YES;
				CLANG_WARN_OBJC_LITERAL_CONVERSION = YES;
				CLANG_WARN_OBJC_ROOT_CLASS = YES_ERROR;
				CLANG_WARN_RANGE_LOOP_ANALYSIS = YES;
				CLANG_WARN_STRICT_PROTOTYPES = YES;
				CLANG_WARN_SUSPICIOUS_MOVE = YES;
				CLANG_WARN_UNGUARDED_AVAILABILITY = YES_AGGRESSIVE;
				CLANG_WARN_UNREACHABLE_CODE = YES;
				CLANG_WARN__DUPLICATE_METHOD_MATCH = YES;
				COPY_PHASE_STRIP = NO;
				DEBUG_INFORMATION_FORMAT = "dwarf-with-dsym";
				ENABLE_NS_ASSERTIONS = NO;
				ENABLE_STRICT_OBJC_MSGSEND = YES;
				GCC_C_LANGUAGE_STANDARD = gnu11;
				GCC_NO_COMMON_BLOCKS = YES;
				GCC_WARN_64_TO_32_BIT_CONVERSION = YES;
				GCC_WARN_ABOUT_RETURN_TYPE = YES_ERROR;
				GCC_WARN_UNDECLARED_SELECTOR = YES;
				GCC_WARN_UNINITIALIZED_AUTOS = YES_AGGRESSIVE;
				GCC_WARN_UNUSED_FUNCTION = YES;
				GCC_WARN_UNUSED_VARIABLE = YES;
				IPHONEOS_DEPLOYMENT_TARGET = 13.2;
				MTL_ENABLE_DEBUG_INFO = NO;
				MTL_FAST_MATH = YES;
				SDKROOT = iphoneos;
				SWIFT_COMPILATION_MODE = wholemodule;
				SWIFT_OPTIMIZATION_LEVEL = "-O";
				VALIDATE_PRODUCT = YES;
			};
			name = Release;
		};
		61BC1602237B156900341701 /* Debug */ = {
			isa = XCBuildConfiguration;
			baseConfigurationReference = CE712AA9DD080A1CE819721E /* Pods-FocusOn.debug.xcconfig */;
			buildSettings = {
				ASSETCATALOG_COMPILER_APPICON_NAME = AppIcon;
				CODE_SIGN_STYLE = Automatic;
				DEVELOPMENT_TEAM = SPUKTJZVPR;
				INFOPLIST_FILE = FocusOn/Info.plist;
				IPHONEOS_DEPLOYMENT_TARGET = 13.2;
				LD_RUNPATH_SEARCH_PATHS = (
					"$(inherited)",
					"@executable_path/Frameworks",
				);
				PRODUCT_BUNDLE_IDENTIFIER = com.MattSousa.FocusOn;
				PRODUCT_NAME = "$(TARGET_NAME)";
				SWIFT_VERSION = 5.0;
				TARGETED_DEVICE_FAMILY = "1,2";
			};
			name = Debug;
		};
		61BC1603237B156900341701 /* Release */ = {
			isa = XCBuildConfiguration;
			baseConfigurationReference = 265935A6D7B8ACC31AAC9259 /* Pods-FocusOn.release.xcconfig */;
			buildSettings = {
				ASSETCATALOG_COMPILER_APPICON_NAME = AppIcon;
				CODE_SIGN_STYLE = Automatic;
				DEVELOPMENT_TEAM = SPUKTJZVPR;
				INFOPLIST_FILE = FocusOn/Info.plist;
				IPHONEOS_DEPLOYMENT_TARGET = 13.2;
				LD_RUNPATH_SEARCH_PATHS = (
					"$(inherited)",
					"@executable_path/Frameworks",
				);
				PRODUCT_BUNDLE_IDENTIFIER = com.MattSousa.FocusOn;
				PRODUCT_NAME = "$(TARGET_NAME)";
				SWIFT_VERSION = 5.0;
				TARGETED_DEVICE_FAMILY = "1,2";
			};
			name = Release;
		};
		61D414D72489BABA001E32BE /* Debug */ = {
			isa = XCBuildConfiguration;
			buildSettings = {
				BUNDLE_LOADER = "$(TEST_HOST)";
				CODE_SIGN_STYLE = Automatic;
				DEVELOPMENT_TEAM = SPUKTJZVPR;
				INFOPLIST_FILE = FocusOnTests/Info.plist;
				LD_RUNPATH_SEARCH_PATHS = (
					"$(inherited)",
					"@executable_path/Frameworks",
					"@loader_path/Frameworks",
				);
				PRODUCT_BUNDLE_IDENTIFIER = com.MattSousa.FocusOnTests;
				PRODUCT_NAME = "$(TARGET_NAME)";
				SWIFT_VERSION = 5.0;
				TARGETED_DEVICE_FAMILY = "1,2";
				TEST_HOST = "$(BUILT_PRODUCTS_DIR)/FocusOn.app/FocusOn";
			};
			name = Debug;
		};
		61D414D82489BABA001E32BE /* Release */ = {
			isa = XCBuildConfiguration;
			buildSettings = {
				BUNDLE_LOADER = "$(TEST_HOST)";
				CODE_SIGN_STYLE = Automatic;
				DEVELOPMENT_TEAM = SPUKTJZVPR;
				INFOPLIST_FILE = FocusOnTests/Info.plist;
				LD_RUNPATH_SEARCH_PATHS = (
					"$(inherited)",
					"@executable_path/Frameworks",
					"@loader_path/Frameworks",
				);
				PRODUCT_BUNDLE_IDENTIFIER = com.MattSousa.FocusOnTests;
				PRODUCT_NAME = "$(TARGET_NAME)";
				SWIFT_VERSION = 5.0;
				TARGETED_DEVICE_FAMILY = "1,2";
				TEST_HOST = "$(BUILT_PRODUCTS_DIR)/FocusOn.app/FocusOn";
			};
			name = Release;
		};
/* End XCBuildConfiguration section */

/* Begin XCConfigurationList section */
		61BC15E8237B156600341701 /* Build configuration list for PBXProject "FocusOn" */ = {
			isa = XCConfigurationList;
			buildConfigurations = (
				61BC15FF237B156900341701 /* Debug */,
				61BC1600237B156900341701 /* Release */,
			);
			defaultConfigurationIsVisible = 0;
			defaultConfigurationName = Release;
		};
		61BC1601237B156900341701 /* Build configuration list for PBXNativeTarget "FocusOn" */ = {
			isa = XCConfigurationList;
			buildConfigurations = (
				61BC1602237B156900341701 /* Debug */,
				61BC1603237B156900341701 /* Release */,
			);
			defaultConfigurationIsVisible = 0;
			defaultConfigurationName = Release;
		};
		61D414D92489BABA001E32BE /* Build configuration list for PBXNativeTarget "FocusOnTests" */ = {
			isa = XCConfigurationList;
			buildConfigurations = (
				61D414D72489BABA001E32BE /* Debug */,
				61D414D82489BABA001E32BE /* Release */,
			);
			defaultConfigurationIsVisible = 0;
			defaultConfigurationName = Release;
		};
/* End XCConfigurationList section */

/* Begin XCVersionGroup section */
		61EEF1AE23B3B7C7001CD295 /* FocusOnDataModel.xcdatamodeld */ = {
			isa = XCVersionGroup;
			children = (
				61EEF1AF23B3B7C7001CD295 /* FocusOnDataModel.xcdatamodel */,
			);
			currentVersion = 61EEF1AF23B3B7C7001CD295 /* FocusOnDataModel.xcdatamodel */;
			path = FocusOnDataModel.xcdatamodeld;
			sourceTree = "<group>";
			versionGroupType = wrapper.xcdatamodel;
		};
/* End XCVersionGroup section */
	};
	rootObject = 61BC15E5237B156600341701 /* Project object */;
}
