PODS:
  - Charts (3.5.0):
    - Charts/Core (= 3.5.0)
  - Charts/Core (3.5.0)
  - lottie-ios (3.1.8)

DEPENDENCIES:
  - Charts
  - lottie-ios

SPEC REPOS:
  trunk:
    - Charts
    - lottie-ios

SPEC CHECKSUMS:
  Charts: 40a08591df1f8ad5c223ddedfb1a06da92f24f7c
  lottie-ios: 48fac6be217c76937e36e340e2d09cf7b10b7f5f

PODFILE CHECKSUM: 27cb6e887bb63c08b1a3007e8f5add60d54d9a0e

COCOAPODS: 1.9.1
